// !$*UTF8*$!
{
	archiveVersion = 1;
	classes = {
	};
	objectVersion = 56;
	objects = {

/* Begin PBXBuildFile section */
		3070C6D32A000C2D00820184 /* AffirmationViewModel.swift in Sources */ = {isa = PBXBuildFile; fileRef = 3070C6D22A000C2D00820184 /* AffirmationViewModel.swift */; };
		308CA79E29E92FA9003A1232 /* BucheenApp.swift in Sources */ = {isa = PBXBuildFile; fileRef = 308CA79D29E92FA9003A1232 /* BucheenApp.swift */; };
		308CA7A029E92FA9003A1232 /* ContentView.swift in Sources */ = {isa = PBXBuildFile; fileRef = 308CA79F29E92FA9003A1232 /* ContentView.swift */; };
		308CA7A229E92FAA003A1232 /* Assets.xcassets in Resources */ = {isa = PBXBuildFile; fileRef = 308CA7A129E92FAA003A1232 /* Assets.xcassets */; };
		308CA7A529E92FAA003A1232 /* Preview Assets.xcassets in Resources */ = {isa = PBXBuildFile; fileRef = 308CA7A429E92FAA003A1232 /* Preview Assets.xcassets */; };
		30A9EA4D2A016D430061DE1E /* RecapMain.swift in Sources */ = {isa = PBXBuildFile; fileRef = 30A9EA4C2A016D430061DE1E /* RecapMain.swift */; };
		30A9EA4F2A016D910061DE1E /* RecapEmotionView.swift in Sources */ = {isa = PBXBuildFile; fileRef = 30A9EA4E2A016D910061DE1E /* RecapEmotionView.swift */; };
		30A9EA512A016DCF0061DE1E /* LogEmotion.swift in Sources */ = {isa = PBXBuildFile; fileRef = 30A9EA502A016DCF0061DE1E /* LogEmotion.swift */; };
		30A9EA532A016E2C0061DE1E /* RecapChart.swift in Sources */ = {isa = PBXBuildFile; fileRef = 30A9EA522A016E2C0061DE1E /* RecapChart.swift */; };
		30A9EA552A016EA60061DE1E /* CircularComponent.swift in Sources */ = {isa = PBXBuildFile; fileRef = 30A9EA542A016EA60061DE1E /* CircularComponent.swift */; };
		30A9EA582A022E2A0061DE1E /* Lottie in Frameworks */ = {isa = PBXBuildFile; productRef = 30A9EA572A022E2A0061DE1E /* Lottie */; };
		30A9EA5C2A022E5C0061DE1E /* LottieView.swift in Sources */ = {isa = PBXBuildFile; fileRef = 30A9EA5B2A022E5C0061DE1E /* LottieView.swift */; };
		30A9EA5E2A0233B80061DE1E /* LottieTest.swift in Sources */ = {isa = PBXBuildFile; fileRef = 30A9EA5D2A0233B80061DE1E /* LottieTest.swift */; };
		352C1EBF2A02620E00FBB1FC /* RecommendationSheet.swift in Sources */ = {isa = PBXBuildFile; fileRef = 352C1EBE2A02620E00FBB1FC /* RecommendationSheet.swift */; };
		352C1F352A039D3000FBB1FC /* readJSONFile.swift in Sources */ = {isa = PBXBuildFile; fileRef = 352C1F322A039D2F00FBB1FC /* readJSONFile.swift */; };
		352C1F362A039D3000FBB1FC /* recommendationModel.swift in Sources */ = {isa = PBXBuildFile; fileRef = 352C1F332A039D2F00FBB1FC /* recommendationModel.swift */; };
		352C1F3A2A03B76500FBB1FC /* InvitePartner.swift in Sources */ = {isa = PBXBuildFile; fileRef = 352C1F392A03B76500FBB1FC /* InvitePartner.swift */; };
		352C1F3E2A03C68000FBB1FC /* AddPartnerView.swift in Sources */ = {isa = PBXBuildFile; fileRef = 352C1F3D2A03C68000FBB1FC /* AddPartnerView.swift */; };
		352C1F402A04044200FBB1FC /* InvitationsListPartnerView.swift in Sources */ = {isa = PBXBuildFile; fileRef = 352C1F3F2A04044200FBB1FC /* InvitationsListPartnerView.swift */; };
		352C1F422A04FAFA00FBB1FC /* iCloudViewModel.swift in Sources */ = {isa = PBXBuildFile; fileRef = 352C1F412A04FAFA00FBB1FC /* iCloudViewModel.swift */; };
		352C1F442A07A2E100FBB1FC /* AffirmationView.swift in Sources */ = {isa = PBXBuildFile; fileRef = 352C1F432A07A2E100FBB1FC /* AffirmationView.swift */; };
		352C1F462A07B88B00FBB1FC /* AffirmationSheet.swift in Sources */ = {isa = PBXBuildFile; fileRef = 352C1F452A07B88B00FBB1FC /* AffirmationSheet.swift */; };
		352C1F482A07CE5E00FBB1FC /* recommendation.json in Resources */ = {isa = PBXBuildFile; fileRef = 352C1F472A07CE5E00FBB1FC /* recommendation.json */; };
		3587434F29F97CD60001FF43 /* EmotionView.swift in Sources */ = {isa = PBXBuildFile; fileRef = 3587434E29F97CD60001FF43 /* EmotionView.swift */; };
		3587435129F97CEE0001FF43 /* EmotionBallView.swift in Sources */ = {isa = PBXBuildFile; fileRef = 3587435029F97CEE0001FF43 /* EmotionBallView.swift */; };
		3587435429F97D390001FF43 /* RegisterView.swift in Sources */ = {isa = PBXBuildFile; fileRef = 3587435329F97D390001FF43 /* RegisterView.swift */; };
		3587435629F97D4F0001FF43 /* ProfileView.swift in Sources */ = {isa = PBXBuildFile; fileRef = 3587435529F97D4F0001FF43 /* ProfileView.swift */; };
		3587435A29F97D970001FF43 /* Constants.swift in Sources */ = {isa = PBXBuildFile; fileRef = 3587435929F97D970001FF43 /* Constants.swift */; };
		3587435F29F97EA40001FF43 /* EmotionViewModel.swift in Sources */ = {isa = PBXBuildFile; fileRef = 3587435E29F97EA40001FF43 /* EmotionViewModel.swift */; };
		35FF905F29E94BA600310A4B /* .gitignore in Resources */ = {isa = PBXBuildFile; fileRef = 35FF905E29E94BA600310A4B /* .gitignore */; };
		AE0C16382A039F83006B4489 /* Bucheen.xcdatamodeld in Sources */ = {isa = PBXBuildFile; fileRef = AE0C16362A039F83006B4489 /* Bucheen.xcdatamodeld */; };
		AEB8FBCB2A03967F0097F554 /* PersistenceController.swift in Sources */ = {isa = PBXBuildFile; fileRef = AEB8FBCA2A03967F0097F554 /* PersistenceController.swift */; };
		AEB8FBCE2A0396A70097F554 /* CoreDataStack.swift in Sources */ = {isa = PBXBuildFile; fileRef = AEB8FBCD2A0396A70097F554 /* CoreDataStack.swift */; };
/* End PBXBuildFile section */

/* Begin PBXFileReference section */
		3070C6D22A000C2D00820184 /* AffirmationViewModel.swift */ = {isa = PBXFileReference; lastKnownFileType = sourcecode.swift; path = AffirmationViewModel.swift; sourceTree = "<group>"; };
		308CA79A29E92FA9003A1232 /* Bucheen.app */ = {isa = PBXFileReference; explicitFileType = wrapper.application; includeInIndex = 0; path = Bucheen.app; sourceTree = BUILT_PRODUCTS_DIR; };
		308CA79D29E92FA9003A1232 /* BucheenApp.swift */ = {isa = PBXFileReference; lastKnownFileType = sourcecode.swift; path = BucheenApp.swift; sourceTree = "<group>"; };
		308CA79F29E92FA9003A1232 /* ContentView.swift */ = {isa = PBXFileReference; lastKnownFileType = sourcecode.swift; path = ContentView.swift; sourceTree = "<group>"; };
		308CA7A129E92FAA003A1232 /* Assets.xcassets */ = {isa = PBXFileReference; lastKnownFileType = folder.assetcatalog; path = Assets.xcassets; sourceTree = "<group>"; };
		308CA7A429E92FAA003A1232 /* Preview Assets.xcassets */ = {isa = PBXFileReference; lastKnownFileType = folder.assetcatalog; path = "Preview Assets.xcassets"; sourceTree = "<group>"; };
		30A9EA4C2A016D430061DE1E /* RecapMain.swift */ = {isa = PBXFileReference; lastKnownFileType = sourcecode.swift; path = RecapMain.swift; sourceTree = "<group>"; };
		30A9EA4E2A016D910061DE1E /* RecapEmotionView.swift */ = {isa = PBXFileReference; lastKnownFileType = sourcecode.swift; path = RecapEmotionView.swift; sourceTree = "<group>"; };
		30A9EA502A016DCF0061DE1E /* LogEmotion.swift */ = {isa = PBXFileReference; lastKnownFileType = sourcecode.swift; path = LogEmotion.swift; sourceTree = "<group>"; };
		30A9EA522A016E2C0061DE1E /* RecapChart.swift */ = {isa = PBXFileReference; lastKnownFileType = sourcecode.swift; path = RecapChart.swift; sourceTree = "<group>"; };
		30A9EA542A016EA60061DE1E /* CircularComponent.swift */ = {isa = PBXFileReference; lastKnownFileType = sourcecode.swift; path = CircularComponent.swift; sourceTree = "<group>"; };
		30A9EA5B2A022E5C0061DE1E /* LottieView.swift */ = {isa = PBXFileReference; lastKnownFileType = sourcecode.swift; path = LottieView.swift; sourceTree = "<group>"; };
		30A9EA5D2A0233B80061DE1E /* LottieTest.swift */ = {isa = PBXFileReference; lastKnownFileType = sourcecode.swift; path = LottieTest.swift; sourceTree = "<group>"; };
		352C1EBE2A02620E00FBB1FC /* RecommendationSheet.swift */ = {isa = PBXFileReference; lastKnownFileType = sourcecode.swift; path = RecommendationSheet.swift; sourceTree = "<group>"; };
		352C1F322A039D2F00FBB1FC /* readJSONFile.swift */ = {isa = PBXFileReference; fileEncoding = 4; lastKnownFileType = sourcecode.swift; path = readJSONFile.swift; sourceTree = "<group>"; };
		352C1F332A039D2F00FBB1FC /* recommendationModel.swift */ = {isa = PBXFileReference; fileEncoding = 4; lastKnownFileType = sourcecode.swift; path = recommendationModel.swift; sourceTree = "<group>"; };
		352C1F392A03B76500FBB1FC /* InvitePartner.swift */ = {isa = PBXFileReference; lastKnownFileType = sourcecode.swift; path = InvitePartner.swift; sourceTree = "<group>"; };
		352C1F3D2A03C68000FBB1FC /* AddPartnerView.swift */ = {isa = PBXFileReference; lastKnownFileType = sourcecode.swift; path = AddPartnerView.swift; sourceTree = "<group>"; };
		352C1F3F2A04044200FBB1FC /* InvitationsListPartnerView.swift */ = {isa = PBXFileReference; lastKnownFileType = sourcecode.swift; path = InvitationsListPartnerView.swift; sourceTree = "<group>"; };
		352C1F412A04FAFA00FBB1FC /* iCloudViewModel.swift */ = {isa = PBXFileReference; lastKnownFileType = sourcecode.swift; path = iCloudViewModel.swift; sourceTree = "<group>"; };
		352C1F432A07A2E100FBB1FC /* AffirmationView.swift */ = {isa = PBXFileReference; lastKnownFileType = sourcecode.swift; path = AffirmationView.swift; sourceTree = "<group>"; };
		352C1F452A07B88B00FBB1FC /* AffirmationSheet.swift */ = {isa = PBXFileReference; lastKnownFileType = sourcecode.swift; path = AffirmationSheet.swift; sourceTree = "<group>"; };
		352C1F472A07CE5E00FBB1FC /* recommendation.json */ = {isa = PBXFileReference; fileEncoding = 4; lastKnownFileType = text.json; path = recommendation.json; sourceTree = "<group>"; };
		3587434E29F97CD60001FF43 /* EmotionView.swift */ = {isa = PBXFileReference; lastKnownFileType = sourcecode.swift; path = EmotionView.swift; sourceTree = "<group>"; };
		3587435029F97CEE0001FF43 /* EmotionBallView.swift */ = {isa = PBXFileReference; lastKnownFileType = sourcecode.swift; path = EmotionBallView.swift; sourceTree = "<group>"; };
		3587435329F97D390001FF43 /* RegisterView.swift */ = {isa = PBXFileReference; lastKnownFileType = sourcecode.swift; path = RegisterView.swift; sourceTree = "<group>"; };
		3587435529F97D4F0001FF43 /* ProfileView.swift */ = {isa = PBXFileReference; lastKnownFileType = sourcecode.swift; path = ProfileView.swift; sourceTree = "<group>"; };
		3587435929F97D970001FF43 /* Constants.swift */ = {isa = PBXFileReference; lastKnownFileType = sourcecode.swift; path = Constants.swift; sourceTree = "<group>"; };
		3587435E29F97EA40001FF43 /* EmotionViewModel.swift */ = {isa = PBXFileReference; lastKnownFileType = sourcecode.swift; path = EmotionViewModel.swift; sourceTree = "<group>"; };
		35FF905E29E94BA600310A4B /* .gitignore */ = {isa = PBXFileReference; lastKnownFileType = text; path = .gitignore; sourceTree = "<group>"; };
		AE0C16372A039F83006B4489 /* BucheenCoreData.xcdatamodel */ = {isa = PBXFileReference; lastKnownFileType = wrapper.xcdatamodel; path = BucheenCoreData.xcdatamodel; sourceTree = "<group>"; };
		AEB8FBC72A0393B90097F554 /* BucheenDebug.entitlements */ = {isa = PBXFileReference; lastKnownFileType = text.plist.entitlements; path = BucheenDebug.entitlements; sourceTree = "<group>"; };
		AEB8FBC82A0393BC0097F554 /* Info.plist */ = {isa = PBXFileReference; lastKnownFileType = text.plist; path = Info.plist; sourceTree = "<group>"; };
		AEB8FBCA2A03967F0097F554 /* PersistenceController.swift */ = {isa = PBXFileReference; lastKnownFileType = sourcecode.swift; path = PersistenceController.swift; sourceTree = "<group>"; };
		AEB8FBCD2A0396A70097F554 /* CoreDataStack.swift */ = {isa = PBXFileReference; lastKnownFileType = sourcecode.swift; path = CoreDataStack.swift; sourceTree = "<group>"; };
/* End PBXFileReference section */

/* Begin PBXFrameworksBuildPhase section */
		308CA79729E92FA9003A1232 /* Frameworks */ = {
			isa = PBXFrameworksBuildPhase;
			buildActionMask = 2147483647;
			files = (
				30A9EA582A022E2A0061DE1E /* Lottie in Frameworks */,
			);
			runOnlyForDeploymentPostprocessing = 0;
		};
/* End PBXFrameworksBuildPhase section */

/* Begin PBXGroup section */
		308CA79129E92FA9003A1232 = {
			isa = PBXGroup;
			children = (
				35FF905E29E94BA600310A4B /* .gitignore */,
				308CA79C29E92FA9003A1232 /* Bucheen */,
				308CA79B29E92FA9003A1232 /* Products */,
			);
			sourceTree = "<group>";
		};
		308CA79B29E92FA9003A1232 /* Products */ = {
			isa = PBXGroup;
			children = (
				308CA79A29E92FA9003A1232 /* Bucheen.app */,
			);
			name = Products;
			sourceTree = "<group>";
		};
		308CA79C29E92FA9003A1232 /* Bucheen */ = {
			isa = PBXGroup;
			children = (
				352C1F322A039D2F00FBB1FC /* readJSONFile.swift */,
				352C1F472A07CE5E00FBB1FC /* recommendation.json */,
				352C1F332A039D2F00FBB1FC /* recommendationModel.swift */,
				AEB8FBC82A0393BC0097F554 /* Info.plist */,
				AE0C16362A039F83006B4489 /* Bucheen.xcdatamodeld */,
				308CA7A129E92FAA003A1232 /* Assets.xcassets */,
				308CA79D29E92FA9003A1232 /* BucheenApp.swift */,
				AEB8FBC72A0393B90097F554 /* BucheenDebug.entitlements */,
				3587435929F97D970001FF43 /* Constants.swift */,
				AEB8FBC92A0396730097F554 /* controller */,
				AEB8FBCC2A0396960097F554 /* helper */,
				308CA7A329E92FAA003A1232 /* Preview Content */,
				3587434B29F97C860001FF43 /* View */,
				3587434C29F97CAB0001FF43 /* ViewModel */,
			);
			path = Bucheen;
			sourceTree = "<group>";
		};
		308CA7A329E92FAA003A1232 /* Preview Content */ = {
			isa = PBXGroup;
			children = (
				308CA7A429E92FAA003A1232 /* Preview Assets.xcassets */,
			);
			path = "Preview Content";
			sourceTree = "<group>";
		};
		30A9EA4B2A016D180061DE1E /* Recap */ = {
			isa = PBXGroup;
			children = (
				30A9EA4C2A016D430061DE1E /* RecapMain.swift */,
				30A9EA4E2A016D910061DE1E /* RecapEmotionView.swift */,
				30A9EA522A016E2C0061DE1E /* RecapChart.swift */,
				30A9EA542A016EA60061DE1E /* CircularComponent.swift */,
				30A9EA502A016DCF0061DE1E /* LogEmotion.swift */,
			);
			path = Recap;
			sourceTree = "<group>";
		};
		30E0277329FC1EF3005A408F /* Affirmation */ = {
			isa = PBXGroup;
			children = (
				352C1F452A07B88B00FBB1FC /* AffirmationSheet.swift */,
				352C1F432A07A2E100FBB1FC /* AffirmationView.swift */,
			);
			path = Affirmation;
			sourceTree = "<group>";
		};
		3587434B29F97C860001FF43 /* View */ = {
			isa = PBXGroup;
			children = (
				30E0277329FC1EF3005A408F /* Affirmation */,
				3587434D29F97CC60001FF43 /* Emotion */,
				30A9EA4B2A016D180061DE1E /* Recap */,
				3587435329F97D390001FF43 /* RegisterView.swift */,
				3587435529F97D4F0001FF43 /* ProfileView.swift */,
				30A9EA5D2A0233B80061DE1E /* LottieTest.swift */,
				30A9EA5B2A022E5C0061DE1E /* LottieView.swift */,
			);
			path = View;
			sourceTree = "<group>";
		};
		3587434C29F97CAB0001FF43 /* ViewModel */ = {
			isa = PBXGroup;
			children = (
				3070C6D22A000C2D00820184 /* AffirmationViewModel.swift */,
				3587435E29F97EA40001FF43 /* EmotionViewModel.swift */,
				352C1F412A04FAFA00FBB1FC /* iCloudViewModel.swift */,
			);
			path = ViewModel;
			sourceTree = "<group>";
		};
		3587434D29F97CC60001FF43 /* Emotion */ = {
			isa = PBXGroup;
			children = (
				3587435029F97CEE0001FF43 /* EmotionBallView.swift */,
				3587434E29F97CD60001FF43 /* EmotionView.swift */,
				352C1EBE2A02620E00FBB1FC /* RecommendationSheet.swift */,
				352C1F392A03B76500FBB1FC /* InvitePartner.swift */,
				308CA79F29E92FA9003A1232 /* ContentView.swift */,
				352C1F3D2A03C68000FBB1FC /* AddPartnerView.swift */,
				352C1F3F2A04044200FBB1FC /* InvitationsListPartnerView.swift */,
			);
			path = Emotion;
			sourceTree = "<group>";
		};
		AEB8FBC92A0396730097F554 /* controller */ = {
			isa = PBXGroup;
			children = (
				AEB8FBCA2A03967F0097F554 /* PersistenceController.swift */,
			);
			path = controller;
			sourceTree = "<group>";
		};
		AEB8FBCC2A0396960097F554 /* helper */ = {
			isa = PBXGroup;
			children = (
				AEB8FBCD2A0396A70097F554 /* CoreDataStack.swift */,
			);
			path = helper;
			sourceTree = "<group>";
		};
/* End PBXGroup section */

/* Begin PBXNativeTarget section */
		308CA79929E92FA9003A1232 /* Bucheen */ = {
			isa = PBXNativeTarget;
			buildConfigurationList = 308CA7A829E92FAA003A1232 /* Build configuration list for PBXNativeTarget "Bucheen" */;
			buildPhases = (
				308CA79629E92FA9003A1232 /* Sources */,
				308CA79729E92FA9003A1232 /* Frameworks */,
				308CA79829E92FA9003A1232 /* Resources */,
			);
			buildRules = (
			);
			dependencies = (
			);
			name = Bucheen;
			packageProductDependencies = (
				30A9EA572A022E2A0061DE1E /* Lottie */,
			);
			productName = Bucheen;
			productReference = 308CA79A29E92FA9003A1232 /* Bucheen.app */;
			productType = "com.apple.product-type.application";
		};
/* End PBXNativeTarget section */

/* Begin PBXProject section */
		308CA79229E92FA9003A1232 /* Project object */ = {
			isa = PBXProject;
			attributes = {
				BuildIndependentTargetsInParallel = 1;
				LastSwiftUpdateCheck = 1430;
				LastUpgradeCheck = 1430;
				TargetAttributes = {
					308CA79929E92FA9003A1232 = {
						CreatedOnToolsVersion = 14.3;
					};
				};
			};
			buildConfigurationList = 308CA79529E92FA9003A1232 /* Build configuration list for PBXProject "Bucheen" */;
			compatibilityVersion = "Xcode 14.0";
			developmentRegion = en;
			hasScannedForEncodings = 0;
			knownRegions = (
				en,
				Base,
			);
			mainGroup = 308CA79129E92FA9003A1232;
			packageReferences = (
				30A9EA562A022E2A0061DE1E /* XCRemoteSwiftPackageReference "lottie-ios" */,
			);
			productRefGroup = 308CA79B29E92FA9003A1232 /* Products */;
			projectDirPath = "";
			projectRoot = "";
			targets = (
				308CA79929E92FA9003A1232 /* Bucheen */,
			);
		};
/* End PBXProject section */

/* Begin PBXResourcesBuildPhase section */
		308CA79829E92FA9003A1232 /* Resources */ = {
			isa = PBXResourcesBuildPhase;
			buildActionMask = 2147483647;
			files = (
				352C1F482A07CE5E00FBB1FC /* recommendation.json in Resources */,
				308CA7A529E92FAA003A1232 /* Preview Assets.xcassets in Resources */,
				35FF905F29E94BA600310A4B /* .gitignore in Resources */,
				308CA7A229E92FAA003A1232 /* Assets.xcassets in Resources */,
			);
			runOnlyForDeploymentPostprocessing = 0;
		};
/* End PBXResourcesBuildPhase section */

/* Begin PBXSourcesBuildPhase section */
		308CA79629E92FA9003A1232 /* Sources */ = {
			isa = PBXSourcesBuildPhase;
			buildActionMask = 2147483647;
			files = (
				AE0C16382A039F83006B4489 /* Bucheen.xcdatamodeld in Sources */,
				3587435F29F97EA40001FF43 /* EmotionViewModel.swift in Sources */,
				30A9EA5C2A022E5C0061DE1E /* LottieView.swift in Sources */,
				352C1F362A039D3000FBB1FC /* recommendationModel.swift in Sources */,
				352C1F402A04044200FBB1FC /* InvitationsListPartnerView.swift in Sources */,
				352C1F352A039D3000FBB1FC /* readJSONFile.swift in Sources */,
				3587434F29F97CD60001FF43 /* EmotionView.swift in Sources */,
				30A9EA4D2A016D430061DE1E /* RecapMain.swift in Sources */,
				3587435429F97D390001FF43 /* RegisterView.swift in Sources */,
				30A9EA532A016E2C0061DE1E /* RecapChart.swift in Sources */,
				352C1F442A07A2E100FBB1FC /* AffirmationView.swift in Sources */,
				3070C6D32A000C2D00820184 /* AffirmationViewModel.swift in Sources */,
				3587435129F97CEE0001FF43 /* EmotionBallView.swift in Sources */,
				30A9EA512A016DCF0061DE1E /* LogEmotion.swift in Sources */,
				352C1F462A07B88B00FBB1FC /* AffirmationSheet.swift in Sources */,
				352C1F3E2A03C68000FBB1FC /* AddPartnerView.swift in Sources */,
				308CA7A029E92FA9003A1232 /* ContentView.swift in Sources */,
				3587435629F97D4F0001FF43 /* ProfileView.swift in Sources */,
				352C1F3A2A03B76500FBB1FC /* InvitePartner.swift in Sources */,
				30A9EA552A016EA60061DE1E /* CircularComponent.swift in Sources */,
				352C1F422A04FAFA00FBB1FC /* iCloudViewModel.swift in Sources */,
				AEB8FBCB2A03967F0097F554 /* PersistenceController.swift in Sources */,
				30A9EA5E2A0233B80061DE1E /* LottieTest.swift in Sources */,
				AEB8FBCE2A0396A70097F554 /* CoreDataStack.swift in Sources */,
				308CA79E29E92FA9003A1232 /* BucheenApp.swift in Sources */,
				3587435A29F97D970001FF43 /* Constants.swift in Sources */,
				352C1EBF2A02620E00FBB1FC /* RecommendationSheet.swift in Sources */,
				30A9EA4F2A016D910061DE1E /* RecapEmotionView.swift in Sources */,
			);
			runOnlyForDeploymentPostprocessing = 0;
		};
/* End PBXSourcesBuildPhase section */

/* Begin XCBuildConfiguration section */
		308CA7A629E92FAA003A1232 /* Debug */ = {
			isa = XCBuildConfiguration;
			buildSettings = {
				ALWAYS_SEARCH_USER_PATHS = NO;
				CLANG_ANALYZER_NONNULL = YES;
				CLANG_ANALYZER_NUMBER_OBJECT_CONVERSION = YES_AGGRESSIVE;
				CLANG_CXX_LANGUAGE_STANDARD = "gnu++20";
				CLANG_ENABLE_MODULES = YES;
				CLANG_ENABLE_OBJC_ARC = YES;
				CLANG_ENABLE_OBJC_WEAK = YES;
				CLANG_WARN_BLOCK_CAPTURE_AUTORELEASING = YES;
				CLANG_WARN_BOOL_CONVERSION = YES;
				CLANG_WARN_COMMA = YES;
				CLANG_WARN_CONSTANT_CONVERSION = YES;
				CLANG_WARN_DEPRECATED_OBJC_IMPLEMENTATIONS = YES;
				CLANG_WARN_DIRECT_OBJC_ISA_USAGE = YES_ERROR;
				CLANG_WARN_DOCUMENTATION_COMMENTS = YES;
				CLANG_WARN_EMPTY_BODY = YES;
				CLANG_WARN_ENUM_CONVERSION = YES;
				CLANG_WARN_INFINITE_RECURSION = YES;
				CLANG_WARN_INT_CONVERSION = YES;
				CLANG_WARN_NON_LITERAL_NULL_CONVERSION = YES;
				CLANG_WARN_OBJC_IMPLICIT_RETAIN_SELF = YES;
				CLANG_WARN_OBJC_LITERAL_CONVERSION = YES;
				CLANG_WARN_OBJC_ROOT_CLASS = YES_ERROR;
				CLANG_WARN_QUOTED_INCLUDE_IN_FRAMEWORK_HEADER = YES;
				CLANG_WARN_RANGE_LOOP_ANALYSIS = YES;
				CLANG_WARN_STRICT_PROTOTYPES = YES;
				CLANG_WARN_SUSPICIOUS_MOVE = YES;
				CLANG_WARN_UNGUARDED_AVAILABILITY = YES_AGGRESSIVE;
				CLANG_WARN_UNREACHABLE_CODE = YES;
				CLANG_WARN__DUPLICATE_METHOD_MATCH = YES;
				COPY_PHASE_STRIP = NO;
				DEBUG_INFORMATION_FORMAT = dwarf;
				ENABLE_STRICT_OBJC_MSGSEND = YES;
				ENABLE_TESTABILITY = YES;
				GCC_C_LANGUAGE_STANDARD = gnu11;
				GCC_DYNAMIC_NO_PIC = NO;
				GCC_NO_COMMON_BLOCKS = YES;
				GCC_OPTIMIZATION_LEVEL = 0;
				GCC_PREPROCESSOR_DEFINITIONS = (
					"DEBUG=1",
					"$(inherited)",
				);
				GCC_WARN_64_TO_32_BIT_CONVERSION = YES;
				GCC_WARN_ABOUT_RETURN_TYPE = YES_ERROR;
				GCC_WARN_UNDECLARED_SELECTOR = YES;
				GCC_WARN_UNINITIALIZED_AUTOS = YES_AGGRESSIVE;
				GCC_WARN_UNUSED_FUNCTION = YES;
				GCC_WARN_UNUSED_VARIABLE = YES;
				IPHONEOS_DEPLOYMENT_TARGET = 16.4;
				MTL_ENABLE_DEBUG_INFO = INCLUDE_SOURCE;
				MTL_FAST_MATH = YES;
				ONLY_ACTIVE_ARCH = YES;
				SDKROOT = iphoneos;
				SWIFT_ACTIVE_COMPILATION_CONDITIONS = DEBUG;
				SWIFT_OPTIMIZATION_LEVEL = "-Onone";
			};
			name = Debug;
		};
		308CA7A729E92FAA003A1232 /* Release */ = {
			isa = XCBuildConfiguration;
			buildSettings = {
				ALWAYS_SEARCH_USER_PATHS = NO;
				CLANG_ANALYZER_NONNULL = YES;
				CLANG_ANALYZER_NUMBER_OBJECT_CONVERSION = YES_AGGRESSIVE;
				CLANG_CXX_LANGUAGE_STANDARD = "gnu++20";
				CLANG_ENABLE_MODULES = YES;
				CLANG_ENABLE_OBJC_ARC = YES;
				CLANG_ENABLE_OBJC_WEAK = YES;
				CLANG_WARN_BLOCK_CAPTURE_AUTORELEASING = YES;
				CLANG_WARN_BOOL_CONVERSION = YES;
				CLANG_WARN_COMMA = YES;
				CLANG_WARN_CONSTANT_CONVERSION = YES;
				CLANG_WARN_DEPRECATED_OBJC_IMPLEMENTATIONS = YES;
				CLANG_WARN_DIRECT_OBJC_ISA_USAGE = YES_ERROR;
				CLANG_WARN_DOCUMENTATION_COMMENTS = YES;
				CLANG_WARN_EMPTY_BODY = YES;
				CLANG_WARN_ENUM_CONVERSION = YES;
				CLANG_WARN_INFINITE_RECURSION = YES;
				CLANG_WARN_INT_CONVERSION = YES;
				CLANG_WARN_NON_LITERAL_NULL_CONVERSION = YES;
				CLANG_WARN_OBJC_IMPLICIT_RETAIN_SELF = YES;
				CLANG_WARN_OBJC_LITERAL_CONVERSION = YES;
				CLANG_WARN_OBJC_ROOT_CLASS = YES_ERROR;
				CLANG_WARN_QUOTED_INCLUDE_IN_FRAMEWORK_HEADER = YES;
				CLANG_WARN_RANGE_LOOP_ANALYSIS = YES;
				CLANG_WARN_STRICT_PROTOTYPES = YES;
				CLANG_WARN_SUSPICIOUS_MOVE = YES;
				CLANG_WARN_UNGUARDED_AVAILABILITY = YES_AGGRESSIVE;
				CLANG_WARN_UNREACHABLE_CODE = YES;
				CLANG_WARN__DUPLICATE_METHOD_MATCH = YES;
				COPY_PHASE_STRIP = NO;
				DEBUG_INFORMATION_FORMAT = "dwarf-with-dsym";
				ENABLE_NS_ASSERTIONS = NO;
				ENABLE_STRICT_OBJC_MSGSEND = YES;
				GCC_C_LANGUAGE_STANDARD = gnu11;
				GCC_NO_COMMON_BLOCKS = YES;
				GCC_WARN_64_TO_32_BIT_CONVERSION = YES;
				GCC_WARN_ABOUT_RETURN_TYPE = YES_ERROR;
				GCC_WARN_UNDECLARED_SELECTOR = YES;
				GCC_WARN_UNINITIALIZED_AUTOS = YES_AGGRESSIVE;
				GCC_WARN_UNUSED_FUNCTION = YES;
				GCC_WARN_UNUSED_VARIABLE = YES;
				IPHONEOS_DEPLOYMENT_TARGET = 16.4;
				MTL_ENABLE_DEBUG_INFO = NO;
				MTL_FAST_MATH = YES;
				SDKROOT = iphoneos;
				SWIFT_COMPILATION_MODE = wholemodule;
				SWIFT_OPTIMIZATION_LEVEL = "-O";
				VALIDATE_PRODUCT = YES;
			};
			name = Release;
		};
		308CA7A929E92FAA003A1232 /* Debug */ = {
			isa = XCBuildConfiguration;
			buildSettings = {
				ASSETCATALOG_COMPILER_APPICON_NAME = AppIcon;
				ASSETCATALOG_COMPILER_GLOBAL_ACCENT_COLOR_NAME = AccentColor;
				CODE_SIGN_ENTITLEMENTS = Bucheen/BucheenDebug.entitlements;
				CODE_SIGN_STYLE = Automatic;
				CURRENT_PROJECT_VERSION = 1;
				DEVELOPMENT_ASSET_PATHS = "\"Bucheen/Preview Content\"";
				DEVELOPMENT_TEAM = 9PUN53DGHU;
				ENABLE_PREVIEWS = YES;
				GENERATE_INFOPLIST_FILE = YES;
				INFOPLIST_FILE = Bucheen/Info.plist;
				INFOPLIST_KEY_UIApplicationSceneManifest_Generation = YES;
				INFOPLIST_KEY_UIApplicationSupportsIndirectInputEvents = YES;
				INFOPLIST_KEY_UILaunchScreen_Generation = YES;
				INFOPLIST_KEY_UISupportedInterfaceOrientations_iPad = "UIInterfaceOrientationPortrait UIInterfaceOrientationPortraitUpsideDown UIInterfaceOrientationLandscapeLeft UIInterfaceOrientationLandscapeRight";
				INFOPLIST_KEY_UISupportedInterfaceOrientations_iPhone = "UIInterfaceOrientationPortrait UIInterfaceOrientationLandscapeLeft UIInterfaceOrientationLandscapeRight";
				IPHONEOS_DEPLOYMENT_TARGET = 16.3;
				LD_RUNPATH_SEARCH_PATHS = (
					"$(inherited)",
					"@executable_path/Frameworks",
				);
				MARKETING_VERSION = 1.0;
				PRODUCT_BUNDLE_IDENTIFIER = Axel.Bucheen;
				PRODUCT_NAME = "$(TARGET_NAME)";
				SWIFT_EMIT_LOC_STRINGS = YES;
				SWIFT_VERSION = 5.0;
				TARGETED_DEVICE_FAMILY = "1,2";
			};
			name = Debug;
		};
		308CA7AA29E92FAA003A1232 /* Release */ = {
			isa = XCBuildConfiguration;
			buildSettings = {
				ASSETCATALOG_COMPILER_APPICON_NAME = AppIcon;
				ASSETCATALOG_COMPILER_GLOBAL_ACCENT_COLOR_NAME = AccentColor;
				CODE_SIGN_STYLE = Automatic;
				CURRENT_PROJECT_VERSION = 1;
				DEVELOPMENT_ASSET_PATHS = "\"Bucheen/Preview Content\"";
				DEVELOPMENT_TEAM = 9PUN53DGHU;
				ENABLE_PREVIEWS = YES;
				GENERATE_INFOPLIST_FILE = YES;
				INFOPLIST_FILE = Bucheen/Info.plist;
				INFOPLIST_KEY_UIApplicationSceneManifest_Generation = YES;
				INFOPLIST_KEY_UIApplicationSupportsIndirectInputEvents = YES;
				INFOPLIST_KEY_UILaunchScreen_Generation = YES;
				INFOPLIST_KEY_UISupportedInterfaceOrientations_iPad = "UIInterfaceOrientationPortrait UIInterfaceOrientationPortraitUpsideDown UIInterfaceOrientationLandscapeLeft UIInterfaceOrientationLandscapeRight";
				INFOPLIST_KEY_UISupportedInterfaceOrientations_iPhone = "UIInterfaceOrientationPortrait UIInterfaceOrientationLandscapeLeft UIInterfaceOrientationLandscapeRight";
				IPHONEOS_DEPLOYMENT_TARGET = 16.3;
				LD_RUNPATH_SEARCH_PATHS = (
					"$(inherited)",
					"@executable_path/Frameworks",
				);
				MARKETING_VERSION = 1.0;
				PRODUCT_BUNDLE_IDENTIFIER = Aam.Bucheen;
				PRODUCT_NAME = "$(TARGET_NAME)";
				SWIFT_EMIT_LOC_STRINGS = YES;
				SWIFT_VERSION = 5.0;
				TARGETED_DEVICE_FAMILY = "1,2";
			};
			name = Release;
		};
/* End XCBuildConfiguration section */

/* Begin XCConfigurationList section */
		308CA79529E92FA9003A1232 /* Build configuration list for PBXProject "Bucheen" */ = {
			isa = XCConfigurationList;
			buildConfigurations = (
				308CA7A629E92FAA003A1232 /* Debug */,
				308CA7A729E92FAA003A1232 /* Release */,
			);
			defaultConfigurationIsVisible = 0;
			defaultConfigurationName = Release;
		};
		308CA7A829E92FAA003A1232 /* Build configuration list for PBXNativeTarget "Bucheen" */ = {
			isa = XCConfigurationList;
			buildConfigurations = (
				308CA7A929E92FAA003A1232 /* Debug */,
				308CA7AA29E92FAA003A1232 /* Release */,
			);
			defaultConfigurationIsVisible = 0;
			defaultConfigurationName = Release;
		};
/* End XCConfigurationList section */

/* Begin XCRemoteSwiftPackageReference section */
		30A9EA562A022E2A0061DE1E /* XCRemoteSwiftPackageReference "lottie-ios" */ = {
			isa = XCRemoteSwiftPackageReference;
			repositoryURL = "https://github.com/airbnb/lottie-ios.git";
			requirement = {
				kind = upToNextMajorVersion;
				minimumVersion = 4.0.0;
			};
		};
/* End XCRemoteSwiftPackageReference section */

/* Begin XCSwiftPackageProductDependency section */
		30A9EA572A022E2A0061DE1E /* Lottie */ = {
			isa = XCSwiftPackageProductDependency;
			package = 30A9EA562A022E2A0061DE1E /* XCRemoteSwiftPackageReference "lottie-ios" */;
			productName = Lottie;
		};
/* End XCSwiftPackageProductDependency section */

/* Begin XCVersionGroup section */
		AE0C16362A039F83006B4489 /* Bucheen.xcdatamodeld */ = {
			isa = XCVersionGroup;
			children = (
				AE0C16372A039F83006B4489 /* BucheenCoreData.xcdatamodel */,
			);
			currentVersion = AE0C16372A039F83006B4489 /* BucheenCoreData.xcdatamodel */;
			path = Bucheen.xcdatamodeld;
			sourceTree = "<group>";
			versionGroupType = wrapper.xcdatamodel;
		};
/* End XCVersionGroup section */
	};
	rootObject = 308CA79229E92FA9003A1232 /* Project object */;
}
